
Microsoft Visual Studio Solution File, Format Version 12.00
# Visual Studio Version 17
VisualStudioVersion = 17.10.35013.160
MinimumVisualStudioVersion = 10.0.40219.1
Project("{FAE04EC0-301F-11D3-BF4B-00C04F79EFBC}") = "lector_datos", "lector_datos.csproj", "{853E21BB-51E8-4568-889A-B25D818DCA4E}"
EndProject
Global
	GlobalSection(SolutionConfigurationPlatforms) = preSolution
		Debug|Any CPU = Debug|Any CPU
		Release|Any CPU = Release|Any CPU
	EndGlobalSection
	GlobalSection(ProjectConfigurationPlatforms) = postSolution
		{853E21BB-51E8-4568-889A-B25D818DCA4E}.Debug|Any CPU.ActiveCfg = Debug|Any CPU
		{853E21BB-51E8-4568-889A-B25D818DCA4E}.Debug|Any CPU.Build.0 = Debug|Any CPU
		{853E21BB-51E8-4568-889A-B25D818DCA4E}.Release|Any CPU.ActiveCfg = Release|Any CPU
		{853E21BB-51E8-4568-889A-B25D818DCA4E}.Release|Any CPU.Build.0 = Release|Any CPU
	EndGlobalSection
	GlobalSection(SolutionProperties) = preSolution
		HideSolutionNode = FALSE
	EndGlobalSection
	GlobalSection(ExtensibilityGlobals) = postSolution
		SolutionGuid = {1C0FD9F0-012D-4BFE-B4F8-F71945E6B781}
	EndGlobalSection
EndGlobal
